
Microsoft Visual Studio Solution File, Format Version 12.00
# Visual Studio Version 17
VisualStudioVersion = 17.2.32526.322
MinimumVisualStudioVersion = 10.0.40219.1
Project("{FAE04EC0-301F-11D3-BF4B-00C04F79EFBC}") = "VenueManager", "VenueManager\VenueManager.csproj", "{FEC8E6D3-A711-41D8-8CC0-E941C9E8621E}"
EndProject
Project("{FAE04EC0-301F-11D3-BF4B-00C04F79EFBC}") = "VenueManagerTests", "VenueManagerTests\VenueManagerTests.csproj", "{C6CA4FF5-0AA1-4746-89A1-185A0410E47C}"
EndProject
Global
	GlobalSection(SolutionConfigurationPlatforms) = preSolution
		Debug|Any CPU = Debug|Any CPU
		Release|Any CPU = Release|Any CPU
	EndGlobalSection
	GlobalSection(ProjectConfigurationPlatforms) = postSolution
		{FEC8E6D3-A711-41D8-8CC0-E941C9E8621E}.Debug|Any CPU.ActiveCfg = Debug|Any CPU
		{FEC8E6D3-A711-41D8-8CC0-E941C9E8621E}.Debug|Any CPU.Build.0 = Debug|Any CPU
		{FEC8E6D3-A711-41D8-8CC0-E941C9E8621E}.Release|Any CPU.ActiveCfg = Release|Any CPU
		{FEC8E6D3-A711-41D8-8CC0-E941C9E8621E}.Release|Any CPU.Build.0 = Release|Any CPU
		{C6CA4FF5-0AA1-4746-89A1-185A0410E47C}.Debug|Any CPU.ActiveCfg = Debug|Any CPU
		{C6CA4FF5-0AA1-4746-89A1-185A0410E47C}.Debug|Any CPU.Build.0 = Debug|Any CPU
		{C6CA4FF5-0AA1-4746-89A1-185A0410E47C}.Release|Any CPU.ActiveCfg = Release|Any CPU
		{C6CA4FF5-0AA1-4746-89A1-185A0410E47C}.Release|Any CPU.Build.0 = Release|Any CPU
	EndGlobalSection
	GlobalSection(SolutionProperties) = preSolution
		HideSolutionNode = FALSE
	EndGlobalSection
	GlobalSection(ExtensibilityGlobals) = postSolution
		SolutionGuid = {D61D3C80-0AD6-4E38-8246-5F2815B32C86}
	EndGlobalSection
EndGlobal
